
Microsoft Visual Studio Solution File, Format Version 12.00
# Visual Studio Version 16
VisualStudioVersion = 16.0.30611.23
MinimumVisualStudioVersion = 10.0.40219.1
Project("{FAE04EC0-301F-11D3-BF4B-00C04F79EFBC}") = "Assignment4_P1", "Assignment4_P1\Assignment4_P1.csproj", "{29B729C1-ECD7-4578-9184-9F596518ACFC}"
EndProject
Global
	GlobalSection(SolutionConfigurationPlatforms) = preSolution
		Debug|Any CPU = Debug|Any CPU
		Release|Any CPU = Release|Any CPU
	EndGlobalSection
	GlobalSection(ProjectConfigurationPlatforms) = postSolution
		{29B729C1-ECD7-4578-9184-9F596518ACFC}.Debug|Any CPU.ActiveCfg = Debug|Any CPU
		{29B729C1-ECD7-4578-9184-9F596518ACFC}.Debug|Any CPU.Build.0 = Debug|Any CPU
		{29B729C1-ECD7-4578-9184-9F596518ACFC}.Release|Any CPU.ActiveCfg = Release|Any CPU
		{29B729C1-ECD7-4578-9184-9F596518ACFC}.Release|Any CPU.Build.0 = Release|Any CPU
	EndGlobalSection
	GlobalSection(SolutionProperties) = preSolution
		HideSolutionNode = FALSE
	EndGlobalSection
	GlobalSection(ExtensibilityGlobals) = postSolution
		SolutionGuid = {DCAF6E62-B938-4EFB-A878-5544EE45C33F}
	EndGlobalSection
EndGlobal
